
Microsoft Visual Studio Solution File, Format Version 12.00
# Visual Studio Version 17
VisualStudioVersion = 17.8.34316.72
MinimumVisualStudioVersion = 10.0.40219.1
Project("{FAE04EC0-301F-11D3-BF4B-00C04F79EFBC}") = "Kreta.ConsoleApp", "Kreta.ConsoleApp\Kreta.ConsoleApp.csproj", "{CD61B3B8-C501-4974-BD94-298A0A183D8C}"
EndProject
Project("{FAE04EC0-301F-11D3-BF4B-00C04F79EFBC}") = "Kreta.Database", "Kreta.Database\Kreta.Database.csproj", "{884A4CE3-6283-499F-B2FF-E05E7DF7EF2A}"
EndProject
Global
	GlobalSection(SolutionConfigurationPlatforms) = preSolution
		Debug|Any CPU = Debug|Any CPU
		Release|Any CPU = Release|Any CPU
	EndGlobalSection
	GlobalSection(ProjectConfigurationPlatforms) = postSolution
		{CD61B3B8-C501-4974-BD94-298A0A183D8C}.Debug|Any CPU.ActiveCfg = Debug|Any CPU
		{CD61B3B8-C501-4974-BD94-298A0A183D8C}.Debug|Any CPU.Build.0 = Debug|Any CPU
		{CD61B3B8-C501-4974-BD94-298A0A183D8C}.Release|Any CPU.ActiveCfg = Release|Any CPU
		{CD61B3B8-C501-4974-BD94-298A0A183D8C}.Release|Any CPU.Build.0 = Release|Any CPU
		{884A4CE3-6283-499F-B2FF-E05E7DF7EF2A}.Debug|Any CPU.ActiveCfg = Debug|Any CPU
		{884A4CE3-6283-499F-B2FF-E05E7DF7EF2A}.Debug|Any CPU.Build.0 = Debug|Any CPU
		{884A4CE3-6283-499F-B2FF-E05E7DF7EF2A}.Release|Any CPU.ActiveCfg = Release|Any CPU
		{884A4CE3-6283-499F-B2FF-E05E7DF7EF2A}.Release|Any CPU.Build.0 = Release|Any CPU
	EndGlobalSection
	GlobalSection(SolutionProperties) = preSolution
		HideSolutionNode = FALSE
	EndGlobalSection
	GlobalSection(ExtensibilityGlobals) = postSolution
		SolutionGuid = {EFF6A5D5-A9EF-4EC7-A5EB-DA1231332AEF}
	EndGlobalSection
EndGlobal
